{
  "name": "@websysarch/rollup-plugin-swc",
  "version": "0.0.0",
  "lockfileVersion": 2,
  "requires": true,
  "packages": {
    "": {
      "name": "@websysarch/rollup-plugin-swc",
      "version": "0.0.0",
      "license": "MIT",
      "dependencies": {
        "@rollup/pluginutils": "^4.2.1",
        "deepmerge": "^4.2.2"
      },
      "devDependencies": {
        "@swc/core": "^1.2.185",
        "@types/estree": "^0.0.51",
        "@types/node": "^17.0.33",
        "@websysarch/prettier-config": "^1.0.0",
        "prettier": "^2.6.2",
        "rollup": "^2.73.0",
        "typescript": "^4.6.4"
      },
      "engines": {
        "node": ">=16"
      },
      "peerDependencies": {
        "@swc/core": ">=1.2.185",
        "rollup": ">=2.73.0"
      }
    },
    "node_modules/@rollup/pluginutils": {
      "version": "4.2.1",
      "resolved": "https://registry.npmjs.org/@rollup/pluginutils/-/pluginutils-4.2.1.tgz",
      "integrity": "sha512-iKnFXr7NkdZAIHiIWE+BX5ULi/ucVFYWD6TbAV+rZctiRTY2PL6tsIKhoIOaoskiWAkgu+VsbXgUVDNLHf+InQ==",
      "dependencies": {
        "estree-walker": "^2.0.1",
        "picomatch": "^2.2.2"
      },
      "engines": {
        "node": ">= 8.0.0"
      }
    },
    "node_modules/@swc/core": {
      "version": "1.2.185",
      "resolved": "https://registry.npmjs.org/@swc/core/-/core-1.2.185.tgz",
      "integrity": "sha512-dDNzDrJ4bzMVWeFWqLJojjv5XZJZ84Zia7kQdJjp+kfOMdEhS+onrAwrk5Q88PlAvbrhY6kQbWD2LZ8JdyEaSQ==",
      "dev": true,
      "bin": {
        "swcx": "run_swcx.js"
      },
      "engines": {
        "node": ">=10"
      },
      "funding": {
        "type": "opencollective",
        "url": "https://opencollective.com/swc"
      },
      "optionalDependencies": {
        "@swc/core-android-arm-eabi": "1.2.185",
        "@swc/core-android-arm64": "1.2.185",
        "@swc/core-darwin-arm64": "1.2.185",
        "@swc/core-darwin-x64": "1.2.185",
        "@swc/core-freebsd-x64": "1.2.185",
        "@swc/core-linux-arm-gnueabihf": "1.2.185",
        "@swc/core-linux-arm64-gnu": "1.2.185",
        "@swc/core-linux-arm64-musl": "1.2.185",
        "@swc/core-linux-x64-gnu": "1.2.185",
        "@swc/core-linux-x64-musl": "1.2.185",
        "@swc/core-win32-arm64-msvc": "1.2.185",
        "@swc/core-win32-ia32-msvc": "1.2.185",
        "@swc/core-win32-x64-msvc": "1.2.185"
      }
    },
    "node_modules/@swc/core-android-arm-eabi": {
      "version": "1.2.185",
      "resolved": "https://registry.npmjs.org/@swc/core-android-arm-eabi/-/core-android-arm-eabi-1.2.185.tgz",
      "integrity": "sha512-/ZTj5yaPkPC0UwggYN+y4d2DNZJI+b1y1gi4twrQJz997OMU032Hi9/59VxHFzHNxlzhIuCJYcbxOxi1Aqk2bA==",
      "cpu": [
        "arm"
      ],
      "dev": true,
      "optional": true,
      "os": [
        "android"
      ],
      "engines": {
        "node": ">=10"
      }
    },
    "node_modules/@swc/core-android-arm64": {
      "version": "1.2.185",
      "resolved": "https://registry.npmjs.org/@swc/core-android-arm64/-/core-android-arm64-1.2.185.tgz",
      "integrity": "sha512-TgidzM+7H0YTIABu2ILI8MRDiIzcFULz5vIUWbhLwypPH9vJCFcDnAv5rBpg/4KBMzuSI6BNNBIcf/8Wc9e0HA==",
      "cpu": [
        "arm64"
      ],
      "dev": true,
      "optional": true,
      "os": [
        "android"
      ],
      "engines": {
        "node": ">=10"
      }
    },
    "node_modules/@swc/core-darwin-arm64": {
      "version": "1.2.185",
      "resolved": "https://registry.npmjs.org/@swc/core-darwin-arm64/-/core-darwin-arm64-1.2.185.tgz",
      "integrity": "sha512-segMc9FVYz+M5KzpPJR+M20Mmeq4ZQw4gi6rt0HXNpSPykm+oe/wb1CZbMk/9SpMaevpXOOZa0HHBM2ue+WhVA==",
      "cpu": [
        "arm64"
      ],
      "dev": true,
      "optional": true,
      "os": [
        "darwin"
      ],
      "engines": {
        "node": ">=10"
      }
    },
    "node_modules/@swc/core-darwin-x64": {
      "version": "1.2.185",
      "resolved": "https://registry.npmjs.org/@swc/core-darwin-x64/-/core-darwin-x64-1.2.185.tgz",
      "integrity": "sha512-PL1Xq6R5zpBbYZsWJU0xK2/WQlhag/Kiq1eZd6ftSLaxn0q00wdSGPpzOqK5FTYAqi+5R1CWM/kCOHFoSlYDfg==",
      "cpu": [
        "x64"
      ],
      "dev": true,
      "optional": true,
      "os": [
        "darwin"
      ],
      "engines": {
        "node": ">=10"
      }
    },
    "node_modules/@swc/core-freebsd-x64": {
      "version": "1.2.185",
      "resolved": "https://registry.npmjs.org/@swc/core-freebsd-x64/-/core-freebsd-x64-1.2.185.tgz",
      "integrity": "sha512-scaFxGfV7RhJrrCGzouwFe1XOzJvY/WjYWysHuD+slSdn3pjSnxXtX2Q9jPIYF0bmIcbTp4D6V8VITLhmfkzEA==",
      "cpu": [
        "x64"
      ],
      "dev": true,
      "optional": true,
      "os": [
        "freebsd"
      ],
      "engines": {
        "node": ">=10"
      }
    },
    "node_modules/@swc/core-linux-arm-gnueabihf": {
      "version": "1.2.185",
      "resolved": "https://registry.npmjs.org/@swc/core-linux-arm-gnueabihf/-/core-linux-arm-gnueabihf-1.2.185.tgz",
      "integrity": "sha512-WQ84BVGF0al3ynWBeXuEpO7y6h8Bh4AXr+Ys2YaEgyZtAZ6zWUi3Ca4ktFWwpACSm0XUUB3lhlapUcqXJE8lZg==",
      "cpu": [
        "arm"
      ],
      "dev": true,
      "optional": true,
      "os": [
        "linux"
      ],
      "engines": {
        "node": ">=10"
      }
    },
    "node_modules/@swc/core-linux-arm64-gnu": {
      "version": "1.2.185",
      "resolved": "https://registry.npmjs.org/@swc/core-linux-arm64-gnu/-/core-linux-arm64-gnu-1.2.185.tgz",
      "integrity": "sha512-INrmHqV5ti0ROS9FeGXPF5ZcIAWZ9Sp+Xbn5isWZ9owqT0c2CU4f9+w+OzNMMDKVFe2ARvlH/D927mLIgwqDmQ==",
      "cpu": [
        "arm64"
      ],
      "dev": true,
      "optional": true,
      "os": [
        "linux"
      ],
      "engines": {
        "node": ">=10"
      }
    },
    "node_modules/@swc/core-linux-arm64-musl": {
      "version": "1.2.185",
      "resolved": "https://registry.npmjs.org/@swc/core-linux-arm64-musl/-/core-linux-arm64-musl-1.2.185.tgz",
      "integrity": "sha512-OEwVBlypM7SOZqpa82hIh9jeiu/eSXG+J+R0vekcWz7EkW5zb504uyGPeZJKMqX23I5GZtBpk96UUbhnNCaYUg==",
      "cpu": [
        "arm64"
      ],
      "dev": true,
      "optional": true,
      "os": [
        "linux"
      ],
      "engines": {
        "node": ">=10"
      }
    },
    "node_modules/@swc/core-linux-x64-gnu": {
      "version": "1.2.185",
      "resolved": "https://registry.npmjs.org/@swc/core-linux-x64-gnu/-/core-linux-x64-gnu-1.2.185.tgz",
      "integrity": "sha512-H8LnCdViP7JsFlDE02w5czlKQWnAAM9ZN3oZnvAuTod2gJBjTJ4eZ3h9d+EQdcszw7Csh+IwXbmPz0mPwaR0vQ==",
      "cpu": [
        "x64"
      ],
      "dev": true,
      "optional": true,
      "os": [
        "linux"
      ],
      "engines": {
        "node": ">=10"
      }
    },
    "node_modules/@swc/core-linux-x64-musl": {
      "version": "1.2.185",
      "resolved": "https://registry.npmjs.org/@swc/core-linux-x64-musl/-/core-linux-x64-musl-1.2.185.tgz",
      "integrity": "sha512-DRHmhjCsA2FloF+6/HMxJ8bkdfddAY/wqnpuW/l3CPUyL3VMDmvSiZICN8f/J8LKpGfDV2FdczztmbGi14jO+g==",
      "cpu": [
        "x64"
      ],
      "dev": true,
      "optional": true,
      "os": [
        "linux"
      ],
      "engines": {
        "node": ">=10"
      }
    },
    "node_modules/@swc/core-win32-arm64-msvc": {
      "version": "1.2.185",
      "resolved": "https://registry.npmjs.org/@swc/core-win32-arm64-msvc/-/core-win32-arm64-msvc-1.2.185.tgz",
      "integrity": "sha512-0BmuvU+Lfz5n1/ihh30UF2Viu9JJn3S3YC9QD9BfF80ueEl8KT4JihhJGuEG3XuZk5+35o2oZiCRkn6NKI/qpA==",
      "cpu": [
        "arm64"
      ],
      "dev": true,
      "optional": true,
      "os": [
        "win32"
      ],
      "engines": {
        "node": ">=10"
      }
    },
    "node_modules/@swc/core-win32-ia32-msvc": {
      "version": "1.2.185",
      "resolved": "https://registry.npmjs.org/@swc/core-win32-ia32-msvc/-/core-win32-ia32-msvc-1.2.185.tgz",
      "integrity": "sha512-yRNa/frm5MeXJMpj6V6uQy5a0yfO9q6ZOQ4L+439UH8vBcgIZYOG07bJGvxeUjaKkkrhfzEu5Q8fdXTzPgGeAA==",
      "cpu": [
        "ia32"
      ],
      "dev": true,
      "optional": true,
      "os": [
        "win32"
      ],
      "engines": {
        "node": ">=10"
      }
    },
    "node_modules/@swc/core-win32-x64-msvc": {
      "version": "1.2.185",
      "resolved": "https://registry.npmjs.org/@swc/core-win32-x64-msvc/-/core-win32-x64-msvc-1.2.185.tgz",
      "integrity": "sha512-nLF0AKADjeR3Rr05lWoKOeDbGBFpmbFnGkpLJK9EAwAIQUC9lDRYIps5yinPZsgqBwa0RCUsxzS3PjbWEY18bg==",
      "cpu": [
        "x64"
      ],
      "dev": true,
      "optional": true,
      "os": [
        "win32"
      ],
      "engines": {
        "node": ">=10"
      }
    },
    "node_modules/@types/estree": {
      "version": "0.0.51",
      "resolved": "https://registry.npmjs.org/@types/estree/-/estree-0.0.51.tgz",
      "integrity": "sha512-CuPgU6f3eT/XgKKPqKd/gLZV1Xmvf1a2R5POBOGQa6uv82xpls89HU5zKeVoyR8XzHd1RGNOlQlvUe3CFkjWNQ==",
      "dev": true
    },
    "node_modules/@types/node": {
      "version": "17.0.33",
      "resolved": "https://registry.npmjs.org/@types/node/-/node-17.0.33.tgz",
      "integrity": "sha512-miWq2m2FiQZmaHfdZNcbpp9PuXg34W5JZ5CrJ/BaS70VuhoJENBEQybeiYSaPBRNq6KQGnjfEnc/F3PN++D+XQ==",
      "dev": true
    },
    "node_modules/@websysarch/prettier-config": {
      "version": "1.0.0",
      "resolved": "https://registry.npmjs.org/@websysarch/prettier-config/-/prettier-config-1.0.0.tgz",
      "integrity": "sha512-0b+ZDoDrlvqfRYM6agVP+dKY7yVVRbxssrM795lOqKQsEr04YBESGgK07al8sNxaQyENe1dywwBUrEG+uHoLdw==",
      "dev": true
    },
    "node_modules/deepmerge": {
      "version": "4.2.2",
      "resolved": "https://registry.npmjs.org/deepmerge/-/deepmerge-4.2.2.tgz",
      "integrity": "sha512-FJ3UgI4gIl+PHZm53knsuSFpE+nESMr7M4v9QcgB7S63Kj/6WqMiFQJpBBYz1Pt+66bZpP3Q7Lye0Oo9MPKEdg==",
      "engines": {
        "node": ">=0.10.0"
      }
    },
    "node_modules/estree-walker": {
      "version": "2.0.2",
      "resolved": "https://registry.npmjs.org/estree-walker/-/estree-walker-2.0.2.tgz",
      "integrity": "sha512-Rfkk/Mp/DL7JVje3u18FxFujQlTNR2q6QfMSMB7AvCBx91NGj/ba3kCfza0f6dVDbw7YlRf/nDrn7pQrCCyQ/w=="
    },
    "node_modules/fsevents": {
      "version": "2.3.2",
      "resolved": "https://registry.npmjs.org/fsevents/-/fsevents-2.3.2.tgz",
      "integrity": "sha512-xiqMQR4xAeHTuB9uWm+fFRcIOgKBMiOBP+eXiyT7jsgVCq1bkVygt00oASowB7EdtpOHaaPgKt812P9ab+DDKA==",
      "dev": true,
      "hasInstallScript": true,
      "optional": true,
      "os": [
        "darwin"
      ],
      "engines": {
        "node": "^8.16.0 || ^10.6.0 || >=11.0.0"
      }
    },
    "node_modules/picomatch": {
      "version": "2.3.1",
      "resolved": "https://registry.npmjs.org/picomatch/-/picomatch-2.3.1.tgz",
      "integrity": "sha512-JU3teHTNjmE2VCGFzuY8EXzCDVwEqB2a8fsIvwaStHhAWJEeVd1o1QD80CU6+ZdEXXSLbSsuLwJjkCBWqRQUVA==",
      "engines": {
        "node": ">=8.6"
      },
      "funding": {
        "url": "https://github.com/sponsors/jonschlinkert"
      }
    },
    "node_modules/prettier": {
      "version": "2.6.2",
      "resolved": "https://registry.npmjs.org/prettier/-/prettier-2.6.2.tgz",
      "integrity": "sha512-PkUpF+qoXTqhOeWL9fu7As8LXsIUZ1WYaJiY/a7McAQzxjk82OF0tibkFXVCDImZtWxbvojFjerkiLb0/q8mew==",
      "dev": true,
      "bin": {
        "prettier": "bin-prettier.js"
      },
      "engines": {
        "node": ">=10.13.0"
      },
      "funding": {
        "url": "https://github.com/prettier/prettier?sponsor=1"
      }
    },
    "node_modules/rollup": {
      "version": "2.73.0",
      "resolved": "https://registry.npmjs.org/rollup/-/rollup-2.73.0.tgz",
      "integrity": "sha512-h/UngC3S4Zt28mB3g0+2YCMegT5yoftnQplwzPqGZcKvlld5e+kT/QRmJiL+qxGyZKOYpgirWGdLyEO1b0dpLQ==",
      "dev": true,
      "bin": {
        "rollup": "dist/bin/rollup"
      },
      "engines": {
        "node": ">=10.0.0"
      },
      "optionalDependencies": {
        "fsevents": "~2.3.2"
      }
    },
    "node_modules/typescript": {
      "version": "4.6.4",
      "resolved": "https://registry.npmjs.org/typescript/-/typescript-4.6.4.tgz",
      "integrity": "sha512-9ia/jWHIEbo49HfjrLGfKbZSuWo9iTMwXO+Ca3pRsSpbsMbc7/IU8NKdCZVRRBafVPGnoJeFL76ZOAA84I9fEg==",
      "dev": true,
      "bin": {
        "tsc": "bin/tsc",
        "tsserver": "bin/tsserver"
      },
      "engines": {
        "node": ">=4.2.0"
      }
    }
  },
  "dependencies": {
    "@rollup/pluginutils": {
      "version": "4.2.1",
      "resolved": "https://registry.npmjs.org/@rollup/pluginutils/-/pluginutils-4.2.1.tgz",
      "integrity": "sha512-iKnFXr7NkdZAIHiIWE+BX5ULi/ucVFYWD6TbAV+rZctiRTY2PL6tsIKhoIOaoskiWAkgu+VsbXgUVDNLHf+InQ==",
      "requires": {
        "estree-walker": "^2.0.1",
        "picomatch": "^2.2.2"
      }
    },
    "@swc/core": {
      "version": "1.2.185",
      "resolved": "https://registry.npmjs.org/@swc/core/-/core-1.2.185.tgz",
      "integrity": "sha512-dDNzDrJ4bzMVWeFWqLJojjv5XZJZ84Zia7kQdJjp+kfOMdEhS+onrAwrk5Q88PlAvbrhY6kQbWD2LZ8JdyEaSQ==",
      "dev": true,
      "requires": {
        "@swc/core-android-arm-eabi": "1.2.185",
        "@swc/core-android-arm64": "1.2.185",
        "@swc/core-darwin-arm64": "1.2.185",
        "@swc/core-darwin-x64": "1.2.185",
        "@swc/core-freebsd-x64": "1.2.185",
        "@swc/core-linux-arm-gnueabihf": "1.2.185",
        "@swc/core-linux-arm64-gnu": "1.2.185",
        "@swc/core-linux-arm64-musl": "1.2.185",
        "@swc/core-linux-x64-gnu": "1.2.185",
        "@swc/core-linux-x64-musl": "1.2.185",
        "@swc/core-win32-arm64-msvc": "1.2.185",
        "@swc/core-win32-ia32-msvc": "1.2.185",
        "@swc/core-win32-x64-msvc": "1.2.185"
      }
    },
    "@swc/core-android-arm-eabi": {
      "version": "1.2.185",
      "resolved": "https://registry.npmjs.org/@swc/core-android-arm-eabi/-/core-android-arm-eabi-1.2.185.tgz",
      "integrity": "sha512-/ZTj5yaPkPC0UwggYN+y4d2DNZJI+b1y1gi4twrQJz997OMU032Hi9/59VxHFzHNxlzhIuCJYcbxOxi1Aqk2bA==",
      "dev": true,
      "optional": true
    },
    "@swc/core-android-arm64": {
      "version": "1.2.185",
      "resolved": "https://registry.npmjs.org/@swc/core-android-arm64/-/core-android-arm64-1.2.185.tgz",
      "integrity": "sha512-TgidzM+7H0YTIABu2ILI8MRDiIzcFULz5vIUWbhLwypPH9vJCFcDnAv5rBpg/4KBMzuSI6BNNBIcf/8Wc9e0HA==",
      "dev": true,
      "optional": true
    },
    "@swc/core-darwin-arm64": {
      "version": "1.2.185",
      "resolved": "https://registry.npmjs.org/@swc/core-darwin-arm64/-/core-darwin-arm64-1.2.185.tgz",
      "integrity": "sha512-segMc9FVYz+M5KzpPJR+M20Mmeq4ZQw4gi6rt0HXNpSPykm+oe/wb1CZbMk/9SpMaevpXOOZa0HHBM2ue+WhVA==",
      "dev": true,
      "optional": true
    },
    "@swc/core-darwin-x64": {
      "version": "1.2.185",
      "resolved": "https://registry.npmjs.org/@swc/core-darwin-x64/-/core-darwin-x64-1.2.185.tgz",
      "integrity": "sha512-PL1Xq6R5zpBbYZsWJU0xK2/WQlhag/Kiq1eZd6ftSLaxn0q00wdSGPpzOqK5FTYAqi+5R1CWM/kCOHFoSlYDfg==",
      "dev": true,
      "optional": true
    },
    "@swc/core-freebsd-x64": {
      "version": "1.2.185",
      "resolved": "https://registry.npmjs.org/@swc/core-freebsd-x64/-/core-freebsd-x64-1.2.185.tgz",
      "integrity": "sha512-scaFxGfV7RhJrrCGzouwFe1XOzJvY/WjYWysHuD+slSdn3pjSnxXtX2Q9jPIYF0bmIcbTp4D6V8VITLhmfkzEA==",
      "dev": true,
      "optional": true
    },
    "@swc/core-linux-arm-gnueabihf": {
      "version": "1.2.185",
      "resolved": "https://registry.npmjs.org/@swc/core-linux-arm-gnueabihf/-/core-linux-arm-gnueabihf-1.2.185.tgz",
      "integrity": "sha512-WQ84BVGF0al3ynWBeXuEpO7y6h8Bh4AXr+Ys2YaEgyZtAZ6zWUi3Ca4ktFWwpACSm0XUUB3lhlapUcqXJE8lZg==",
      "dev": true,
      "optional": true
    },
    "@swc/core-linux-arm64-gnu": {
      "version": "1.2.185",
      "resolved": "https://registry.npmjs.org/@swc/core-linux-arm64-gnu/-/core-linux-arm64-gnu-1.2.185.tgz",
      "integrity": "sha512-INrmHqV5ti0ROS9FeGXPF5ZcIAWZ9Sp+Xbn5isWZ9owqT0c2CU4f9+w+OzNMMDKVFe2ARvlH/D927mLIgwqDmQ==",
      "dev": true,
      "optional": true
    },
    "@swc/core-linux-arm64-musl": {
      "version": "1.2.185",
      "resolved": "https://registry.npmjs.org/@swc/core-linux-arm64-musl/-/core-linux-arm64-musl-1.2.185.tgz",
      "integrity": "sha512-OEwVBlypM7SOZqpa82hIh9jeiu/eSXG+J+R0vekcWz7EkW5zb504uyGPeZJKMqX23I5GZtBpk96UUbhnNCaYUg==",
      "dev": true,
      "optional": true
    },
    "@swc/core-linux-x64-gnu": {
      "version": "1.2.185",
      "resolved": "https://registry.npmjs.org/@swc/core-linux-x64-gnu/-/core-linux-x64-gnu-1.2.185.tgz",
      "integrity": "sha512-H8LnCdViP7JsFlDE02w5czlKQWnAAM9ZN3oZnvAuTod2gJBjTJ4eZ3h9d+EQdcszw7Csh+IwXbmPz0mPwaR0vQ==",
      "dev": true,
      "optional": true
    },
    "@swc/core-linux-x64-musl": {
      "version": "1.2.185",
      "resolved": "https://registry.npmjs.org/@swc/core-linux-x64-musl/-/core-linux-x64-musl-1.2.185.tgz",
      "integrity": "sha512-DRHmhjCsA2FloF+6/HMxJ8bkdfddAY/wqnpuW/l3CPUyL3VMDmvSiZICN8f/J8LKpGfDV2FdczztmbGi14jO+g==",
      "dev": true,
      "optional": true
    },
    "@swc/core-win32-arm64-msvc": {
      "version": "1.2.185",
      "resolved": "https://registry.npmjs.org/@swc/core-win32-arm64-msvc/-/core-win32-arm64-msvc-1.2.185.tgz",
      "integrity": "sha512-0BmuvU+Lfz5n1/ihh30UF2Viu9JJn3S3YC9QD9BfF80ueEl8KT4JihhJGuEG3XuZk5+35o2oZiCRkn6NKI/qpA==",
      "dev": true,
      "optional": true
    },
    "@swc/core-win32-ia32-msvc": {
      "version": "1.2.185",
      "resolved": "https://registry.npmjs.org/@swc/core-win32-ia32-msvc/-/core-win32-ia32-msvc-1.2.185.tgz",
      "integrity": "sha512-yRNa/frm5MeXJMpj6V6uQy5a0yfO9q6ZOQ4L+439UH8vBcgIZYOG07bJGvxeUjaKkkrhfzEu5Q8fdXTzPgGeAA==",
      "dev": true,
      "optional": true
    },
    "@swc/core-win32-x64-msvc": {
      "version": "1.2.185",
      "resolved": "https://registry.npmjs.org/@swc/core-win32-x64-msvc/-/core-win32-x64-msvc-1.2.185.tgz",
      "integrity": "sha512-nLF0AKADjeR3Rr05lWoKOeDbGBFpmbFnGkpLJK9EAwAIQUC9lDRYIps5yinPZsgqBwa0RCUsxzS3PjbWEY18bg==",
      "dev": true,
      "optional": true
    },
    "@types/estree": {
      "version": "0.0.51",
      "resolved": "https://registry.npmjs.org/@types/estree/-/estree-0.0.51.tgz",
      "integrity": "sha512-CuPgU6f3eT/XgKKPqKd/gLZV1Xmvf1a2R5POBOGQa6uv82xpls89HU5zKeVoyR8XzHd1RGNOlQlvUe3CFkjWNQ==",
      "dev": true
    },
    "@types/node": {
      "version": "17.0.33",
      "resolved": "https://registry.npmjs.org/@types/node/-/node-17.0.33.tgz",
      "integrity": "sha512-miWq2m2FiQZmaHfdZNcbpp9PuXg34W5JZ5CrJ/BaS70VuhoJENBEQybeiYSaPBRNq6KQGnjfEnc/F3PN++D+XQ==",
      "dev": true
    },
    "@websysarch/prettier-config": {
      "version": "1.0.0",
      "resolved": "https://registry.npmjs.org/@websysarch/prettier-config/-/prettier-config-1.0.0.tgz",
      "integrity": "sha512-0b+ZDoDrlvqfRYM6agVP+dKY7yVVRbxssrM795lOqKQsEr04YBESGgK07al8sNxaQyENe1dywwBUrEG+uHoLdw==",
      "dev": true
    },
    "deepmerge": {
      "version": "4.2.2",
      "resolved": "https://registry.npmjs.org/deepmerge/-/deepmerge-4.2.2.tgz",
      "integrity": "sha512-FJ3UgI4gIl+PHZm53knsuSFpE+nESMr7M4v9QcgB7S63Kj/6WqMiFQJpBBYz1Pt+66bZpP3Q7Lye0Oo9MPKEdg=="
    },
    "estree-walker": {
      "version": "2.0.2",
      "resolved": "https://registry.npmjs.org/estree-walker/-/estree-walker-2.0.2.tgz",
      "integrity": "sha512-Rfkk/Mp/DL7JVje3u18FxFujQlTNR2q6QfMSMB7AvCBx91NGj/ba3kCfza0f6dVDbw7YlRf/nDrn7pQrCCyQ/w=="
    },
    "fsevents": {
      "version": "2.3.2",
      "resolved": "https://registry.npmjs.org/fsevents/-/fsevents-2.3.2.tgz",
      "integrity": "sha512-xiqMQR4xAeHTuB9uWm+fFRcIOgKBMiOBP+eXiyT7jsgVCq1bkVygt00oASowB7EdtpOHaaPgKt812P9ab+DDKA==",
      "dev": true,
      "optional": true
    },
    "picomatch": {
      "version": "2.3.1",
      "resolved": "https://registry.npmjs.org/picomatch/-/picomatch-2.3.1.tgz",
      "integrity": "sha512-JU3teHTNjmE2VCGFzuY8EXzCDVwEqB2a8fsIvwaStHhAWJEeVd1o1QD80CU6+ZdEXXSLbSsuLwJjkCBWqRQUVA=="
    },
    "prettier": {
      "version": "2.6.2",
      "resolved": "https://registry.npmjs.org/prettier/-/prettier-2.6.2.tgz",
      "integrity": "sha512-PkUpF+qoXTqhOeWL9fu7As8LXsIUZ1WYaJiY/a7McAQzxjk82OF0tibkFXVCDImZtWxbvojFjerkiLb0/q8mew==",
      "dev": true
    },
    "rollup": {
      "version": "2.73.0",
      "resolved": "https://registry.npmjs.org/rollup/-/rollup-2.73.0.tgz",
      "integrity": "sha512-h/UngC3S4Zt28mB3g0+2YCMegT5yoftnQplwzPqGZcKvlld5e+kT/QRmJiL+qxGyZKOYpgirWGdLyEO1b0dpLQ==",
      "dev": true,
      "requires": {
        "fsevents": "~2.3.2"
      }
    },
    "typescript": {
      "version": "4.6.4",
      "resolved": "https://registry.npmjs.org/typescript/-/typescript-4.6.4.tgz",
      "integrity": "sha512-9ia/jWHIEbo49HfjrLGfKbZSuWo9iTMwXO+Ca3pRsSpbsMbc7/IU8NKdCZVRRBafVPGnoJeFL76ZOAA84I9fEg==",
      "dev": true
    }
  }
}
